
Microsoft Visual Studio Solution File, Format Version 12.00
# Visual Studio Version 17
VisualStudioVersion = 17.5.002.0
MinimumVisualStudioVersion = 10.0.40219.1
Project("{9A19103F-16F7-4668-BE54-9A1E7A4F7556}") = "Aula_Web", "Aula_Web.csproj", "{87E9F618-BCF9-4900-A4E3-68BB5ED4C7FD}"
EndProject
Global
	GlobalSection(SolutionConfigurationPlatforms) = preSolution
		Debug|Any CPU = Debug|Any CPU
		Release|Any CPU = Release|Any CPU
	EndGlobalSection
	GlobalSection(ProjectConfigurationPlatforms) = postSolution
		{87E9F618-BCF9-4900-A4E3-68BB5ED4C7FD}.Debug|Any CPU.ActiveCfg = Debug|Any CPU
		{87E9F618-BCF9-4900-A4E3-68BB5ED4C7FD}.Debug|Any CPU.Build.0 = Debug|Any CPU
		{87E9F618-BCF9-4900-A4E3-68BB5ED4C7FD}.Release|Any CPU.ActiveCfg = Release|Any CPU
		{87E9F618-BCF9-4900-A4E3-68BB5ED4C7FD}.Release|Any CPU.Build.0 = Release|Any CPU
	EndGlobalSection
	GlobalSection(SolutionProperties) = preSolution
		HideSolutionNode = FALSE
	EndGlobalSection
	GlobalSection(ExtensibilityGlobals) = postSolution
		SolutionGuid = {D7108270-2245-4623-803D-53101C405A1A}
	EndGlobalSection
EndGlobal
